# This file was autogenerated by Stack.
# You should not edit this file by hand.
# For more information, please see the documentation at:
#   https://docs.haskellstack.org/en/stable/lock_files

packages:
- completed:
    hackage: prolude-0.0.0.4@sha256:f1d684796882ddcba58c1553ec7e3233b0141d901429fc7ade93ec3578e62b40,1071
    pantry-tree:
      size: 728
      sha256: 7e44f59e9de379235637166c39952f7ebaf37222d4d9e2d7e6349f2b5381f1c5
  original:
    hackage: prolude-0.0.0.4
- completed:
    name: base-noprelude
    version: 4.14.1.0
    git: https://github.com/aschmois/base-noprelude
    pantry-tree:
      size: 823
      sha256: 66c42f941bd5db227921c6d320b6f83f40980a8d18d15011e2f72a9cbc8b43e2
    commit: ae0653af5285323c400f23e599f762922187d341
  original:
    git: https://github.com/aschmois/base-noprelude
    commit: ae0653af5285323c400f23e599f762922187d341
snapshots:
- completed:
    size: 541635
    url: https://raw.githubusercontent.com/commercialhaskell/stackage-snapshots/master/nightly/2020/10/23.yaml
    sha256: ff158a60ee503b3e282295412894bc01337006cc8f5ab3a55daba0b196bd7288
  original: nightly-2020-10-23
